
Microsoft Visual Studio Solution File, Format Version 12.00
# Visual Studio Version 16
VisualStudioVersion = 16.0.30104.148
MinimumVisualStudioVersion = 10.0.40219.1
Project("{9A19103F-16F7-4668-BE54-9A1E7A4F7556}") = "is4", "is4.csproj", "{B4B770C5-614A-401B-8E66-0FD1AF25D6F2}"
EndProject
Global
	GlobalSection(SolutionConfigurationPlatforms) = preSolution
		Debug|Any CPU = Debug|Any CPU
		Release|Any CPU = Release|Any CPU
	EndGlobalSection
	GlobalSection(ProjectConfigurationPlatforms) = postSolution
		{B4B770C5-614A-401B-8E66-0FD1AF25D6F2}.Debug|Any CPU.ActiveCfg = Debug|Any CPU
		{B4B770C5-614A-401B-8E66-0FD1AF25D6F2}.Debug|Any CPU.Build.0 = Debug|Any CPU
		{B4B770C5-614A-401B-8E66-0FD1AF25D6F2}.Release|Any CPU.ActiveCfg = Release|Any CPU
		{B4B770C5-614A-401B-8E66-0FD1AF25D6F2}.Release|Any CPU.Build.0 = Release|Any CPU
	EndGlobalSection
	GlobalSection(SolutionProperties) = preSolution
		HideSolutionNode = FALSE
	EndGlobalSection
	GlobalSection(ExtensibilityGlobals) = postSolution
		SolutionGuid = {5E55DFF9-29A2-4B4B-B778-0F620AE93713}
	EndGlobalSection
EndGlobal
